
Microsoft Visual Studio Solution File, Format Version 12.00
# Visual Studio Version 17
VisualStudioVersion = 17.14.36109.1 d17.14
MinimumVisualStudioVersion = 10.0.40219.1
Project("{FAE04EC0-301F-11D3-BF4B-00C04F79EFBC}") = "Entities", "Entities\Entities.csproj", "{EAAAB399-9314-4E91-A358-0ABE659F7ECD}"
EndProject
Project("{FAE04EC0-301F-11D3-BF4B-00C04F79EFBC}") = "DataAccess", "DataAccess\DataAccess.csproj", "{CA09F24D-5BBC-4014-869B-6E055DBFFC77}"
EndProject
Project("{FAE04EC0-301F-11D3-BF4B-00C04F79EFBC}") = "Core", "Core\Core.csproj", "{02D51453-D2BF-4DB0-BA5F-F3E5D1864A42}"
EndProject
Project("{FAE04EC0-301F-11D3-BF4B-00C04F79EFBC}") = "Business", "Business\Business.csproj", "{4D0C69E8-0459-4B59-A4A4-FE50E8943DEF}"
EndProject
Project("{FAE04EC0-301F-11D3-BF4B-00C04F79EFBC}") = "WebAPI", "WebAPI\WebAPI.csproj", "{98E7C281-8C84-4027-8634-67C449940C89}"
EndProject
Global
	GlobalSection(SolutionConfigurationPlatforms) = preSolution
		Debug|Any CPU = Debug|Any CPU
		Release|Any CPU = Release|Any CPU
	EndGlobalSection
	GlobalSection(ProjectConfigurationPlatforms) = postSolution
		{EAAAB399-9314-4E91-A358-0ABE659F7ECD}.Debug|Any CPU.ActiveCfg = Debug|Any CPU
		{EAAAB399-9314-4E91-A358-0ABE659F7ECD}.Debug|Any CPU.Build.0 = Debug|Any CPU
		{EAAAB399-9314-4E91-A358-0ABE659F7ECD}.Release|Any CPU.ActiveCfg = Release|Any CPU
		{EAAAB399-9314-4E91-A358-0ABE659F7ECD}.Release|Any CPU.Build.0 = Release|Any CPU
		{CA09F24D-5BBC-4014-869B-6E055DBFFC77}.Debug|Any CPU.ActiveCfg = Debug|Any CPU
		{CA09F24D-5BBC-4014-869B-6E055DBFFC77}.Debug|Any CPU.Build.0 = Debug|Any CPU
		{CA09F24D-5BBC-4014-869B-6E055DBFFC77}.Release|Any CPU.ActiveCfg = Release|Any CPU
		{CA09F24D-5BBC-4014-869B-6E055DBFFC77}.Release|Any CPU.Build.0 = Release|Any CPU
		{02D51453-D2BF-4DB0-BA5F-F3E5D1864A42}.Debug|Any CPU.ActiveCfg = Debug|Any CPU
		{02D51453-D2BF-4DB0-BA5F-F3E5D1864A42}.Debug|Any CPU.Build.0 = Debug|Any CPU
		{02D51453-D2BF-4DB0-BA5F-F3E5D1864A42}.Release|Any CPU.ActiveCfg = Release|Any CPU
		{02D51453-D2BF-4DB0-BA5F-F3E5D1864A42}.Release|Any CPU.Build.0 = Release|Any CPU
		{4D0C69E8-0459-4B59-A4A4-FE50E8943DEF}.Debug|Any CPU.ActiveCfg = Debug|Any CPU
		{4D0C69E8-0459-4B59-A4A4-FE50E8943DEF}.Debug|Any CPU.Build.0 = Debug|Any CPU
		{4D0C69E8-0459-4B59-A4A4-FE50E8943DEF}.Release|Any CPU.ActiveCfg = Release|Any CPU
		{4D0C69E8-0459-4B59-A4A4-FE50E8943DEF}.Release|Any CPU.Build.0 = Release|Any CPU
		{98E7C281-8C84-4027-8634-67C449940C89}.Debug|Any CPU.ActiveCfg = Debug|Any CPU
		{98E7C281-8C84-4027-8634-67C449940C89}.Debug|Any CPU.Build.0 = Debug|Any CPU
		{98E7C281-8C84-4027-8634-67C449940C89}.Release|Any CPU.ActiveCfg = Release|Any CPU
		{98E7C281-8C84-4027-8634-67C449940C89}.Release|Any CPU.Build.0 = Release|Any CPU
	EndGlobalSection
	GlobalSection(SolutionProperties) = preSolution
		HideSolutionNode = FALSE
	EndGlobalSection
	GlobalSection(ExtensibilityGlobals) = postSolution
		SolutionGuid = {40FCC3E3-4050-4136-9A99-4670021F90D2}
	EndGlobalSection
EndGlobal
